
Microsoft Visual Studio Solution File, Format Version 12.00
# Visual Studio Version 16
VisualStudioVersion = 16.0.31613.86
MinimumVisualStudioVersion = 10.0.40219.1
Project("{9A19103F-16F7-4668-BE54-9A1E7A4F7556}") = "Dev.Io.Ui.Site", "Dev.Io.Ui.Site.csproj", "{06C6AC2E-DFDE-46C7-80B3-B751857067E3}"
EndProject
Global
	GlobalSection(SolutionConfigurationPlatforms) = preSolution
		Debug|Any CPU = Debug|Any CPU
		Release|Any CPU = Release|Any CPU
	EndGlobalSection
	GlobalSection(ProjectConfigurationPlatforms) = postSolution
		{06C6AC2E-DFDE-46C7-80B3-B751857067E3}.Debug|Any CPU.ActiveCfg = Debug|Any CPU
		{06C6AC2E-DFDE-46C7-80B3-B751857067E3}.Debug|Any CPU.Build.0 = Debug|Any CPU
		{06C6AC2E-DFDE-46C7-80B3-B751857067E3}.Release|Any CPU.ActiveCfg = Release|Any CPU
		{06C6AC2E-DFDE-46C7-80B3-B751857067E3}.Release|Any CPU.Build.0 = Release|Any CPU
	EndGlobalSection
	GlobalSection(SolutionProperties) = preSolution
		HideSolutionNode = FALSE
	EndGlobalSection
	GlobalSection(ExtensibilityGlobals) = postSolution
		SolutionGuid = {A05B66F6-F4F6-473B-BDA0-C9A870817698}
	EndGlobalSection
EndGlobal
